{
  "version": 4,
  "terraform_version": "1.4.2",
  "serial": 4,
  "lineage": "d6b5e3c3-7655-9500-d7c1-05010cf7aabb",
  "outputs": {},
  "resources": [
    {
      "mode": "managed",
      "type": "google_bigquery_dataset",
      "name": "dataset",
      "provider": "provider[\"registry.terraform.io/hashicorp/google\"]",
      "instances": [
        {
          "schema_version": 0,
          "attributes": {
            "access": [
              {
                "dataset": [],
                "domain": "",
                "group_by_email": "",
                "role": "OWNER",
                "routine": [],
                "special_group": "",
                "user_by_email": "solana-scraper@solana-subreddit-scraper.iam.gserviceaccount.com",
                "view": []
              },
              {
                "dataset": [],
                "domain": "",
                "group_by_email": "",
                "role": "OWNER",
                "routine": [],
                "special_group": "projectOwners",
                "user_by_email": "",
                "view": []
              },
              {
                "dataset": [],
                "domain": "",
                "group_by_email": "",
                "role": "READER",
                "routine": [],
                "special_group": "projectReaders",
                "user_by_email": "",
                "view": []
              },
              {
                "dataset": [],
                "domain": "",
                "group_by_email": "",
                "role": "WRITER",
                "routine": [],
                "special_group": "projectWriters",
                "user_by_email": "",
                "view": []
              }
            ],
            "creation_time": 1680711758218,
            "dataset_id": "solana_subreddit_posts",
            "default_collation": "",
            "default_encryption_configuration": [],
            "default_partition_expiration_ms": 0,
            "default_table_expiration_ms": 0,
            "delete_contents_on_destroy": false,
            "description": "",
            "etag": "U6buPr/FEN78mtO39Xoc1Q==",
            "friendly_name": "",
            "id": "projects/solana-subreddit-scraper/datasets/solana_subreddit_posts",
            "is_case_insensitive": false,
            "labels": {},
            "last_modified_time": 1680711758218,
            "location": "us-central1",
            "max_time_travel_hours": "",
            "project": "solana-subreddit-scraper",
            "self_link": "https://bigquery.googleapis.com/bigquery/v2/projects/solana-subreddit-scraper/datasets/solana_subreddit_posts",
            "timeouts": null
          },
          "sensitive_attributes": [],
          "private": "eyJlMmJmYjczMC1lY2FhLTExZTYtOGY4OC0zNDM2M2JjN2M0YzAiOnsiY3JlYXRlIjoxMjAwMDAwMDAwMDAwLCJkZWxldGUiOjEyMDAwMDAwMDAwMDAsInVwZGF0ZSI6MTIwMDAwMDAwMDAwMH19"
        }
      ]
    },
    {
      "mode": "managed",
      "type": "google_compute_instance",
      "name": "project-vm",
      "provider": "provider[\"registry.terraform.io/hashicorp/google\"]",
      "instances": [
        {
          "schema_version": 6,
          "attributes": {
            "advanced_machine_features": [],
            "allow_stopping_for_update": null,
            "attached_disk": [],
            "boot_disk": [
              {
                "auto_delete": true,
                "device_name": "persistent-disk-0",
                "disk_encryption_key_raw": "",
                "disk_encryption_key_sha256": "",
                "initialize_params": [
                  {
                    "image": "https://www.googleapis.com/compute/v1/projects/ubuntu-os-cloud/global/images/ubuntu-2204-jammy-v20230302",
                    "labels": {},
                    "size": 10,
                    "type": "pd-standard"
                  }
                ],
                "kms_key_self_link": "",
                "mode": "READ_WRITE",
                "source": "https://www.googleapis.com/compute/v1/projects/solana-subreddit-scraper/zones/us-central1-a/disks/solana-vm"
              }
            ],
            "can_ip_forward": false,
            "confidential_instance_config": [],
            "cpu_platform": "Intel Broadwell",
            "current_status": "RUNNING",
            "deletion_protection": false,
            "description": "",
            "desired_status": null,
            "enable_display": false,
            "guest_accelerator": [],
            "hostname": "",
            "id": "projects/solana-subreddit-scraper/zones/us-central1-a/instances/solana-vm",
            "instance_id": "7425790877848575649",
            "label_fingerprint": "42WmSpB8rSM=",
            "labels": null,
            "machine_type": "e2-standard-4",
            "metadata": {
              "SERVICE_ACCOUNT_JSON": "{\n  \"type\": \"service_account\",\n  \"project_id\": \"solana-subreddit-scraper\",\n  \"private_key_id\": \"de96bb614bb0f778570567c11089423a597497dc\",\n  \"private_key\": \"-----BEGIN PRIVATE KEY-----\\nMIIEvAIBADANBgkqhkiG9w0BAQEFAASCBKYwggSiAgEAAoIBAQDEPP6HO8X6Ot3j\\nKRKWpxqaoXrro5lUlrcEZdsWxfnwfV9q5c1Vh9TbEoKXZIcjkyyYYuTzapofRSF6\\n0lfn1dtMRUiZzyFPC+/+/nU8VbUxxw8tdvfJIGERTgDoCaWwiw0wuywY2pRzwb13\\ny5qKFCS3+2QKOLcuNCAchVw8g7C1LwAjn8IGWMvcaqUBtI2x4On7zv1OMH+K0LMI\\n8CbstGSTyDtMTxtenTiX4KcM0U98SfNPOPI4zwJp4qkeKyQzFRaSd+riPKBTnJfq\\nj2vcd0T8u2domZWsK715BGlAEhc34vjjg2fOiG4NXfzsLFm6OLF9nPzaQsuWpaT+\\nWbclySG3AgMBAAECgf8G0FA/DH7vv41KHQaINJp+/OOAoGZ5pd58D7f9hDebPoZK\\nhT5jDzfjDhbQDnSix5XhQuMiAlis9itP34wRZD8cn70CC/Y4j4biN0j3QR8Jfvxd\\nQm7mVACZCv/gnObrAXc65JoxmBABSkcQ/jm0yox71ulpcXJAKHK8GQHFiel8YPli\\nIBlVNaEbNFtZdrvSk2heMD75eq9gxmYb3Upx2qqbq2kLrIM7sBEenfQUBErfIGpm\\n2dEVIcJYLuiS7KArBUzE/8m0blbmoyXecGRjCL4s5bS659Hnj8yFD7EBjVCJCDkg\\ne9EyrElzotV8C0YprsoUDAnJi6CblH5XhbBpvIECgYEA6L4ROf+tn39g+R0ejsz+\\nvFuIR5Psy9hF5LU10OQc176ie4MJtXWNEmhzOJb8mQ8dktxcopbUgKjgIBLBOyiU\\nhY3d6yXa0vTIcfabZLckWfcHlf1zRGHakd3gdNv7geZzG6XTldnRod8chCcQATY9\\nstYmPM7+TQbge8A3wIxM8WsCgYEA19kXCtQvdng5IlaNM3Jevz8bbdVgtJuxO0W+\\n04ed8rhFN/0+68mxG7u7VAnjoz3nTgf8ayaoqm94DNag9mF8sKjJ8dx6IJxMV1/Z\\nT1w/LpZ3PCZWefW5tg8qrA0Tv5qm0kLuOyAybv1GC7I5so7SxYj5yzdCJvNlceQU\\nRUOhx+UCgYBPCqWtDdD4NvlHAQWst5/Xdjp9HJaxz9xExOnm7GGDP6HM0n7MmoRz\\nePeQg257yK9hfecT7Kd0nmWnXtcy8SAnjzuLrYp4VFtyoK67cJsu1n9ECBRKZ/Uj\\nzrd42HC89/elrxaBcL0J/Uyg8Oc1kic4AhRwWFfy7t/0Bx6oDL3gywKBgQCVQ0Jz\\n8pd/zVN1M3Uhho2Oow1MvqnJO4EsA+caUEYhetwjA7VnSGp5SzEXxF7um/hANbWQ\\nQ4OPmNXjyug0eOXJJG/CGT07H9qK8XVNM/VdOh/qMHjMjeiGxaY0pDZr4X5LGI21\\nxWYa6nptzCmqGKoYf8h9hxDv7pDQWXDLFSHjIQKBgQC5C4hmxCKpOi/GCU2C9jg5\\n2roEirZ2s1NmivgBIIr9R6DEJRbNBx0gbGaj8Ex/GJgaQB/SseUFTJ4K7BsWURVm\\njclKuzX1eoffsB2Gl6ej5gRpej9cexr+It7rUuY4RJVmj67EtkKlW/lNJjVDG0Ed\\nAJ3q7RvjLkSeZr5R2ibGkg==\\n-----END PRIVATE KEY-----\\n\",\n  \"client_email\": \"solana-scraper@solana-subreddit-scraper.iam.gserviceaccount.com\",\n  \"client_id\": \"115561956786693877018\",\n  \"auth_uri\": \"https://accounts.google.com/o/oauth2/auth\",\n  \"token_uri\": \"https://oauth2.googleapis.com/token\",\n  \"auth_provider_x509_cert_url\": \"https://www.googleapis.com/oauth2/v1/certs\",\n  \"client_x509_cert_url\": \"https://www.googleapis.com/robot/v1/metadata/x509/solana-scraper%40solana-subreddit-scraper.iam.gserviceaccount.com\"\n}\n",
              "ssh-keys": "seacevedo:ssh-rsa AAAAB3NzaC1yc2EAAAADAQABAAABAQCReXKMlICQvPqSAB0C4MyNdAGpGNZ7L8UJCcbgc3HsUruGHERHZkuMYMazItDvv+O1v9mSstVQuqOLEboExdlZ2n7xKaZbSRg3ZwvfZJ2IIYdccGnIdN/c5aReTtmjUQcpZeqlo3bt9hAkLpMhUQ/Ztmirofsdwzp+LvskuYhPRCL8BNBfEZDqQea8HDbiAHkWdozVaHrfxEy6tX36qat2fWwrnbIQ8JfyIRNPrP5ZHtmpduY9ghWWadjMbs5uCtIUK/yCWKRqwh+OSihv672wuDdkh4r9yAs83tceQd3PguliGNu27YLUj1vzdJJfrCAnOz+endnADVuNAobjRE2L seacevedo\n",
              "startup-script": "#!/bin/bash \n\nmkdir ~/spark\ncd ~/spark\nwget https://download.java.net/java/GA/jdk11/9/GPL/openjdk-11.0.2_linux-x64_bin.tar.gz\ntar xzfv openjdk-11.0.2_linux-x64_bin.tar.gz\necho 'export JAVA_HOME=\"${HOME}/spark/jdk-11.0.2\"' \u003e\u003e ~/.bashrc \necho 'export PATH=\"${JAVA_HOME}/bin:${PATH}\"' \u003e\u003e ~/.bashrc \nrm openjdk-11.0.2_linux-x64_bin.tar.gz\n\n\nwget https://dlcdn.apache.org/spark/spark-3.3.2/spark-3.3.2-bin-hadoop3.tgz\ntar xzfv spark-3.3.2-bin-hadoop3.tgz\nrm spark-3.3.2-bin-hadoop3.tgz\necho 'export SPARK_HOME=\"${HOME}/spark/spark-3.3.2-bin-hadoop3\"' \u003e\u003e ~/.bashrc \necho 'export PATH=\"${SPARK_HOME}/bin:${PATH}\"' \u003e\u003e ~/.bashrc \n\necho 'export PYTHONPATH=\"${SPARK_HOME}/python/:$PYTHONPATH\"' \u003e\u003e ~/.bashrc \necho 'export PYTHONPATH=\"${SPARK_HOME}/python/lib/py4j-0.10.9.5-src.zip:$PYTHONPATH\"' \u003e\u003e ~/.bashrc \n\ncd ..\n\ngit clone https://github.com/seacevedo/Solana-Pipeline.git\ncd Solana-Pipeline\n\nsudo apt-get update -y\nsudo apt install python3-pip -y\nsudo apt-get install python3-venv -y\npython3 -m venv solana-pipeline-env\nsource solana-pipeline-env/bin/activate\npip3 install -r requirements.txt\npython3 -m spacy download en_core_web_sm\n\n\n\n\n"
            },
            "metadata_fingerprint": "JZrolnoEZAE=",
            "metadata_startup_script": null,
            "min_cpu_platform": "",
            "name": "solana-vm",
            "network_interface": [
              {
                "access_config": [
                  {
                    "nat_ip": "34.134.190.107",
                    "network_tier": "PREMIUM",
                    "public_ptr_domain_name": ""
                  }
                ],
                "alias_ip_range": [],
                "ipv6_access_config": [],
                "ipv6_access_type": "",
                "name": "nic0",
                "network": "https://www.googleapis.com/compute/v1/projects/solana-subreddit-scraper/global/networks/default",
                "network_ip": "10.128.0.24",
                "nic_type": "",
                "queue_count": 0,
                "stack_type": "IPV4_ONLY",
                "subnetwork": "https://www.googleapis.com/compute/v1/projects/solana-subreddit-scraper/regions/us-central1/subnetworks/default",
                "subnetwork_project": "solana-subreddit-scraper"
              }
            ],
            "project": "solana-subreddit-scraper",
            "reservation_affinity": [],
            "resource_policies": null,
            "scheduling": [
              {
                "automatic_restart": true,
                "instance_termination_action": "",
                "min_node_cpus": 0,
                "node_affinities": [],
                "on_host_maintenance": "MIGRATE",
                "preemptible": false,
                "provisioning_model": "STANDARD"
              }
            ],
            "scratch_disk": [],
            "self_link": "https://www.googleapis.com/compute/v1/projects/solana-subreddit-scraper/zones/us-central1-a/instances/solana-vm",
            "service_account": [
              {
                "email": "solana-scraper@solana-subreddit-scraper.iam.gserviceaccount.com",
                "scopes": [
                  "https://www.googleapis.com/auth/cloud-platform"
                ]
              }
            ],
            "shielded_instance_config": [
              {
                "enable_integrity_monitoring": true,
                "enable_secure_boot": false,
                "enable_vtpm": true
              }
            ],
            "tags": null,
            "tags_fingerprint": "42WmSpB8rSM=",
            "timeouts": null,
            "zone": "us-central1-a"
          },
          "sensitive_attributes": [],
          "private": "eyJlMmJmYjczMC1lY2FhLTExZTYtOGY4OC0zNDM2M2JjN2M0YzAiOnsiY3JlYXRlIjoxMjAwMDAwMDAwMDAwLCJkZWxldGUiOjEyMDAwMDAwMDAwMDAsInVwZGF0ZSI6MTIwMDAwMDAwMDAwMH0sInNjaGVtYV92ZXJzaW9uIjoiNiJ9"
        }
      ]
    },
    {
      "mode": "managed",
      "type": "google_storage_bucket",
      "name": "google-cloud-bucket",
      "provider": "provider[\"registry.terraform.io/hashicorp/google\"]",
      "instances": [
        {
          "schema_version": 0,
          "attributes": {
            "autoclass": [],
            "cors": [],
            "custom_placement_config": [],
            "default_event_based_hold": false,
            "encryption": [],
            "force_destroy": true,
            "id": "solana_reddit",
            "labels": null,
            "lifecycle_rule": [
              {
                "action": [
                  {
                    "storage_class": "",
                    "type": "Delete"
                  }
                ],
                "condition": [
                  {
                    "age": 60,
                    "created_before": "",
                    "custom_time_before": "",
                    "days_since_custom_time": 0,
                    "days_since_noncurrent_time": 0,
                    "matches_prefix": [],
                    "matches_storage_class": [],
                    "matches_suffix": [],
                    "noncurrent_time_before": "",
                    "num_newer_versions": 0,
                    "with_state": "ANY"
                  }
                ]
              }
            ],
            "location": "US-CENTRAL1",
            "logging": [],
            "name": "solana_reddit",
            "project": "solana-subreddit-scraper",
            "public_access_prevention": "inherited",
            "requester_pays": false,
            "retention_policy": [],
            "self_link": "https://www.googleapis.com/storage/v1/b/solana_reddit",
            "storage_class": "STANDARD",
            "timeouts": null,
            "uniform_bucket_level_access": true,
            "url": "gs://solana_reddit",
            "versioning": [
              {
                "enabled": true
              }
            ],
            "website": []
          },
          "sensitive_attributes": [],
          "private": "eyJlMmJmYjczMC1lY2FhLTExZTYtOGY4OC0zNDM2M2JjN2M0YzAiOnsiY3JlYXRlIjo2MDAwMDAwMDAwMDAsInJlYWQiOjI0MDAwMDAwMDAwMCwidXBkYXRlIjoyNDAwMDAwMDAwMDB9fQ=="
        }
      ]
    }
  ],
  "check_results": null
}
