{
  "version": 4,
  "terraform_version": "1.4.2",
  "serial": 4,
  "lineage": "d21d897f-2fbf-1653-0be6-dc61ff31a4f3",
  "outputs": {},
  "resources": [
    {
      "mode": "managed",
      "type": "google_bigquery_dataset",
      "name": "dataset",
      "provider": "provider[\"registry.terraform.io/hashicorp/google\"]",
      "instances": [
        {
          "schema_version": 0,
          "attributes": {
            "access": [
              {
                "dataset": [],
                "domain": "",
                "group_by_email": "",
                "role": "OWNER",
                "routine": [],
                "special_group": "",
                "user_by_email": "solana-scraper@solana-subreddit-scraper.iam.gserviceaccount.com",
                "view": []
              },
              {
                "dataset": [],
                "domain": "",
                "group_by_email": "",
                "role": "OWNER",
                "routine": [],
                "special_group": "projectOwners",
                "user_by_email": "",
                "view": []
              },
              {
                "dataset": [],
                "domain": "",
                "group_by_email": "",
                "role": "READER",
                "routine": [],
                "special_group": "projectReaders",
                "user_by_email": "",
                "view": []
              },
              {
                "dataset": [],
                "domain": "",
                "group_by_email": "",
                "role": "WRITER",
                "routine": [],
                "special_group": "projectWriters",
                "user_by_email": "",
                "view": []
              }
            ],
            "creation_time": 1680663547117,
            "dataset_id": "solana_subreddit_posts",
            "default_collation": "",
            "default_encryption_configuration": [],
            "default_partition_expiration_ms": 0,
            "default_table_expiration_ms": 0,
            "delete_contents_on_destroy": false,
            "description": "",
            "etag": "5I6BhO5Tftf/iZy2xNSypg==",
            "friendly_name": "",
            "id": "projects/solana-subreddit-scraper/datasets/solana_subreddit_posts",
            "is_case_insensitive": false,
            "labels": {},
            "last_modified_time": 1680663547117,
            "location": "us-central1",
            "max_time_travel_hours": "",
            "project": "solana-subreddit-scraper",
            "self_link": "https://bigquery.googleapis.com/bigquery/v2/projects/solana-subreddit-scraper/datasets/solana_subreddit_posts",
            "timeouts": null
          },
          "sensitive_attributes": [],
          "private": "eyJlMmJmYjczMC1lY2FhLTExZTYtOGY4OC0zNDM2M2JjN2M0YzAiOnsiY3JlYXRlIjoxMjAwMDAwMDAwMDAwLCJkZWxldGUiOjEyMDAwMDAwMDAwMDAsInVwZGF0ZSI6MTIwMDAwMDAwMDAwMH19"
        }
      ]
    },
    {
      "mode": "managed",
      "type": "google_compute_instance",
      "name": "project-vm",
      "provider": "provider[\"registry.terraform.io/hashicorp/google\"]",
      "instances": [
        {
          "schema_version": 6,
          "attributes": {
            "advanced_machine_features": [],
            "allow_stopping_for_update": null,
            "attached_disk": [],
            "boot_disk": [
              {
                "auto_delete": true,
                "device_name": "persistent-disk-0",
                "disk_encryption_key_raw": "",
                "disk_encryption_key_sha256": "",
                "initialize_params": [
                  {
                    "image": "https://www.googleapis.com/compute/v1/projects/ubuntu-os-cloud/global/images/ubuntu-2204-jammy-v20230302",
                    "labels": {},
                    "size": 10,
                    "type": "pd-standard"
                  }
                ],
                "kms_key_self_link": "",
                "mode": "READ_WRITE",
                "source": "https://www.googleapis.com/compute/v1/projects/solana-subreddit-scraper/zones/us-central1-a/disks/solana-vm"
              }
            ],
            "can_ip_forward": false,
            "confidential_instance_config": [],
            "cpu_platform": "Intel Broadwell",
            "current_status": "RUNNING",
            "deletion_protection": false,
            "description": "",
            "desired_status": null,
            "enable_display": false,
            "guest_accelerator": [],
            "hostname": "",
            "id": "projects/solana-subreddit-scraper/zones/us-central1-a/instances/solana-vm",
            "instance_id": "7306813536355835156",
            "label_fingerprint": "42WmSpB8rSM=",
            "labels": null,
            "machine_type": "e2-standard-4",
            "metadata": {
              "ssh-keys": "seacevedo:ssh-rsa AAAAB3NzaC1yc2EAAAADAQABAAABAQCReXKMlICQvPqSAB0C4MyNdAGpGNZ7L8UJCcbgc3HsUruGHERHZkuMYMazItDvv+O1v9mSstVQuqOLEboExdlZ2n7xKaZbSRg3ZwvfZJ2IIYdccGnIdN/c5aReTtmjUQcpZeqlo3bt9hAkLpMhUQ/Ztmirofsdwzp+LvskuYhPRCL8BNBfEZDqQea8HDbiAHkWdozVaHrfxEy6tX36qat2fWwrnbIQ8JfyIRNPrP5ZHtmpduY9ghWWadjMbs5uCtIUK/yCWKRqwh+OSihv672wuDdkh4r9yAs83tceQd3PguliGNu27YLUj1vzdJJfrCAnOz+endnADVuNAobjRE2L seacevedo\n",
              "startup-script": "#!/bin/bash \n\nmkdir ~/spark\ncd ~/spark\nwget https://download.java.net/java/GA/jdk11/9/GPL/openjdk-11.0.2_linux-x64_bin.tar.gz\ntar xzfv openjdk-11.0.2_linux-x64_bin.tar.gz\necho 'export JAVA_HOME=\"${HOME}/spark/jdk-11.0.2\"' \u003e\u003e ~/.bashrc \necho 'export PATH=\"${JAVA_HOME}/bin:${PATH}\"' \u003e\u003e ~/.bashrc \nrm openjdk-11.0.2_linux-x64_bin.tar.gz\n\n\nwget https://dlcdn.apache.org/spark/spark-3.3.2/spark-3.3.2-bin-hadoop3.tgz\ntar xzfv spark-3.3.2-bin-hadoop3.tgz\nrm spark-3.3.2-bin-hadoop3.tgz\necho 'export SPARK_HOME=\"${HOME}/spark/spark-3.3.2-bin-hadoop3\"' \u003e\u003e ~/.bashrc \necho 'export PATH=\"${SPARK_HOME}/bin:${PATH}\"' \u003e\u003e ~/.bashrc \n\necho 'export PYTHONPATH=\"${SPARK_HOME}/python/:$PYTHONPATH\"' \u003e\u003e ~/.bashrc \necho 'export PYTHONPATH=\"${SPARK_HOME}/python/lib/py4j-0.10.9.5-src.zip:$PYTHONPATH\"' \u003e\u003e ~/.bashrc \n\ncd ..\n\ngit clone https://github.com/seacevedo/Solana-Pipeline.git\ncd Solana-Pipeline\n\nsudo apt-get update -y\nsudo apt install python3-pip -y\npip3 install -r requirements.txt\n\n\n"
            },
            "metadata_fingerprint": "5rNGvDYKyJM=",
            "metadata_startup_script": null,
            "min_cpu_platform": "",
            "name": "solana-vm",
            "network_interface": [
              {
                "access_config": [
                  {
                    "nat_ip": "34.29.208.98",
                    "network_tier": "PREMIUM",
                    "public_ptr_domain_name": ""
                  }
                ],
                "alias_ip_range": [],
                "ipv6_access_config": [],
                "ipv6_access_type": "",
                "name": "nic0",
                "network": "https://www.googleapis.com/compute/v1/projects/solana-subreddit-scraper/global/networks/default",
                "network_ip": "10.128.0.18",
                "nic_type": "",
                "queue_count": 0,
                "stack_type": "IPV4_ONLY",
                "subnetwork": "https://www.googleapis.com/compute/v1/projects/solana-subreddit-scraper/regions/us-central1/subnetworks/default",
                "subnetwork_project": "solana-subreddit-scraper"
              }
            ],
            "project": "solana-subreddit-scraper",
            "reservation_affinity": [],
            "resource_policies": null,
            "scheduling": [
              {
                "automatic_restart": true,
                "instance_termination_action": "",
                "min_node_cpus": 0,
                "node_affinities": [],
                "on_host_maintenance": "MIGRATE",
                "preemptible": false,
                "provisioning_model": "STANDARD"
              }
            ],
            "scratch_disk": [],
            "self_link": "https://www.googleapis.com/compute/v1/projects/solana-subreddit-scraper/zones/us-central1-a/instances/solana-vm",
            "service_account": [
              {
                "email": "solana-scraper@solana-subreddit-scraper.iam.gserviceaccount.com",
                "scopes": [
                  "https://www.googleapis.com/auth/cloud-platform"
                ]
              }
            ],
            "shielded_instance_config": [
              {
                "enable_integrity_monitoring": true,
                "enable_secure_boot": false,
                "enable_vtpm": true
              }
            ],
            "tags": null,
            "tags_fingerprint": "42WmSpB8rSM=",
            "timeouts": null,
            "zone": "us-central1-a"
          },
          "sensitive_attributes": [],
          "private": "eyJlMmJmYjczMC1lY2FhLTExZTYtOGY4OC0zNDM2M2JjN2M0YzAiOnsiY3JlYXRlIjoxMjAwMDAwMDAwMDAwLCJkZWxldGUiOjEyMDAwMDAwMDAwMDAsInVwZGF0ZSI6MTIwMDAwMDAwMDAwMH0sInNjaGVtYV92ZXJzaW9uIjoiNiJ9"
        }
      ]
    },
    {
      "mode": "managed",
      "type": "google_storage_bucket",
      "name": "google-cloud-bucket",
      "provider": "provider[\"registry.terraform.io/hashicorp/google\"]",
      "instances": [
        {
          "schema_version": 0,
          "attributes": {
            "autoclass": [],
            "cors": [],
            "custom_placement_config": [],
            "default_event_based_hold": false,
            "encryption": [],
            "force_destroy": true,
            "id": "solana_reddit",
            "labels": null,
            "lifecycle_rule": [
              {
                "action": [
                  {
                    "storage_class": "",
                    "type": "Delete"
                  }
                ],
                "condition": [
                  {
                    "age": 60,
                    "created_before": "",
                    "custom_time_before": "",
                    "days_since_custom_time": 0,
                    "days_since_noncurrent_time": 0,
                    "matches_prefix": [],
                    "matches_storage_class": [],
                    "matches_suffix": [],
                    "noncurrent_time_before": "",
                    "num_newer_versions": 0,
                    "with_state": "ANY"
                  }
                ]
              }
            ],
            "location": "US-CENTRAL1",
            "logging": [],
            "name": "solana_reddit",
            "project": "solana-subreddit-scraper",
            "public_access_prevention": "inherited",
            "requester_pays": false,
            "retention_policy": [],
            "self_link": "https://www.googleapis.com/storage/v1/b/solana_reddit",
            "storage_class": "STANDARD",
            "timeouts": null,
            "uniform_bucket_level_access": true,
            "url": "gs://solana_reddit",
            "versioning": [
              {
                "enabled": true
              }
            ],
            "website": []
          },
          "sensitive_attributes": [],
          "private": "eyJlMmJmYjczMC1lY2FhLTExZTYtOGY4OC0zNDM2M2JjN2M0YzAiOnsiY3JlYXRlIjo2MDAwMDAwMDAwMDAsInJlYWQiOjI0MDAwMDAwMDAwMCwidXBkYXRlIjoyNDAwMDAwMDAwMDB9fQ=="
        }
      ]
    }
  ],
  "check_results": null
}
